// !$*UTF8*$!
{
	archiveVersion = 1;
	classes = {
	};
	objectVersion = 77;
	objects = {

/* Begin PBXBuildFile section */
		AD926D962FA5414C007FDF94 /* ComposableArchitecture in Frameworks */ = {isa = PBXBuildFile; productRef = AD926D952FA5414C007FDF94 /* ComposableArchitecture */; };
		AD9270502FAF8F96007FDF94 /* SnapshotTesting in Frameworks */ = {isa = PBXBuildFile; productRef = AD92704F2FAF8F96007FDF94 /* SnapshotTesting */; };
		AD9270522FAF8FA5007FDF94 /* InlineSnapshotTesting in Frameworks */ = {isa = PBXBuildFile; productRef = AD9270512FAF8FA5007FDF94 /* InlineSnapshotTesting */; };
/* End PBXBuildFile section */

/* Begin PBXContainerItemProxy section */
		AD926D772FA53D90007FDF94 /* PBXContainerItemProxy */ = {
			isa = PBXContainerItemProxy;
			containerPortal = AD926D5D2FA53D8E007FDF94 /* Project object */;
			proxyType = 1;
			remoteGlobalIDString = AD926D642FA53D8E007FDF94;
			remoteInfo = FromInk;
		};
		AD926D812FA53D90007FDF94 /* PBXContainerItemProxy */ = {
			isa = PBXContainerItemProxy;
			containerPortal = AD926D5D2FA53D8E007FDF94 /* Project object */;
			proxyType = 1;
			remoteGlobalIDString = AD926D642FA53D8E007FDF94;
			remoteInfo = FromInk;
		};
		AD9270492FAF8F6F007FDF94 /* PBXContainerItemProxy */ = {
			isa = PBXContainerItemProxy;
			containerPortal = AD926D5D2FA53D8E007FDF94 /* Project object */;
			proxyType = 1;
			remoteGlobalIDString = AD926D642FA53D8E007FDF94;
			remoteInfo = FromInk;
		};
/* End PBXContainerItemProxy section */

/* Begin PBXFileReference section */
		AD926D652FA53D8E007FDF94 /* FromInk.app */ = {isa = PBXFileReference; explicitFileType = wrapper.application; includeInIndex = 0; path = FromInk.app; sourceTree = BUILT_PRODUCTS_DIR; };
		AD926D762FA53D90007FDF94 /* FromInkTests.xctest */ = {isa = PBXFileReference; explicitFileType = wrapper.cfbundle; includeInIndex = 0; path = FromInkTests.xctest; sourceTree = BUILT_PRODUCTS_DIR; };
		AD926D802FA53D90007FDF94 /* FromInkUITests.xctest */ = {isa = PBXFileReference; explicitFileType = wrapper.cfbundle; includeInIndex = 0; path = FromInkUITests.xctest; sourceTree = BUILT_PRODUCTS_DIR; };
		AD9270452FAF8F6F007FDF94 /* FromInkSnapshotTests.xctest */ = {isa = PBXFileReference; explicitFileType = wrapper.cfbundle; includeInIndex = 0; path = FromInkSnapshotTests.xctest; sourceTree = BUILT_PRODUCTS_DIR; };
/* End PBXFileReference section */

/* Begin PBXFileSystemSynchronizedBuildFileExceptionSet section */
		AD926D882FA53D90007FDF94 /* Exceptions for "FromInk" folder in "FromInk" target */ = {
			isa = PBXFileSystemSynchronizedBuildFileExceptionSet;
			membershipExceptions = (
				Info.plist,
			);
			target = AD926D642FA53D8E007FDF94 /* FromInk */;
		};
/* End PBXFileSystemSynchronizedBuildFileExceptionSet section */

/* Begin PBXFileSystemSynchronizedRootGroup section */
		AD926D672FA53D8E007FDF94 /* FromInk */ = {
			isa = PBXFileSystemSynchronizedRootGroup;
			exceptions = (
				AD926D882FA53D90007FDF94 /* Exceptions for "FromInk" folder in "FromInk" target */,
			);
			path = FromInk;
			sourceTree = "<group>";
		};
		AD926D792FA53D90007FDF94 /* FromInkTests */ = {
			isa = PBXFileSystemSynchronizedRootGroup;
			path = FromInkTests;
			sourceTree = "<group>";
		};
		AD926D832FA53D90007FDF94 /* FromInkUITests */ = {
			isa = PBXFileSystemSynchronizedRootGroup;
			path = FromInkUITests;
			sourceTree = "<group>";
		};
		AD9270462FAF8F6F007FDF94 /* FromInkSnapshotTests */ = {
			isa = PBXFileSystemSynchronizedRootGroup;
			path = FromInkSnapshotTests;
			sourceTree = "<group>";
		};
/* End PBXFileSystemSynchronizedRootGroup section */

/* Begin PBXFrameworksBuildPhase section */
		AD926D622FA53D8E007FDF94 /* Frameworks */ = {
			isa = PBXFrameworksBuildPhase;
			buildActionMask = 2147483647;
			files = (
				AD926D962FA5414C007FDF94 /* ComposableArchitecture in Frameworks */,
			);
			runOnlyForDeploymentPostprocessing = 0;
		};
		AD926D732FA53D90007FDF94 /* Frameworks */ = {
			isa = PBXFrameworksBuildPhase;
			buildActionMask = 2147483647;
			files = (
			);
			runOnlyForDeploymentPostprocessing = 0;
		};
		AD926D7D2FA53D90007FDF94 /* Frameworks */ = {
			isa = PBXFrameworksBuildPhase;
			buildActionMask = 2147483647;
			files = (
			);
			runOnlyForDeploymentPostprocessing = 0;
		};
		AD9270422FAF8F6F007FDF94 /* Frameworks */ = {
			isa = PBXFrameworksBuildPhase;
			buildActionMask = 2147483647;
			files = (
				AD9270522FAF8FA5007FDF94 /* InlineSnapshotTesting in Frameworks */,
				AD9270502FAF8F96007FDF94 /* SnapshotTesting in Frameworks */,
			);
			runOnlyForDeploymentPostprocessing = 0;
		};
/* End PBXFrameworksBuildPhase section */

/* Begin PBXGroup section */
		AD926D5C2FA53D8E007FDF94 = {
			isa = PBXGroup;
			children = (
				AD926D672FA53D8E007FDF94 /* FromInk */,
				AD926D792FA53D90007FDF94 /* FromInkTests */,
				AD926D832FA53D90007FDF94 /* FromInkUITests */,
				AD9270462FAF8F6F007FDF94 /* FromInkSnapshotTests */,
				AD92704E2FAF8F96007FDF94 /* Frameworks */,
				AD926D662FA53D8E007FDF94 /* Products */,
			);
			sourceTree = "<group>";
		};
		AD926D662FA53D8E007FDF94 /* Products */ = {
			isa = PBXGroup;
			children = (
				AD926D652FA53D8E007FDF94 /* FromInk.app */,
				AD926D762FA53D90007FDF94 /* FromInkTests.xctest */,
				AD926D802FA53D90007FDF94 /* FromInkUITests.xctest */,
				AD9270452FAF8F6F007FDF94 /* FromInkSnapshotTests.xctest */,
			);
			name = Products;
			sourceTree = "<group>";
		};
		AD92704E2FAF8F96007FDF94 /* Frameworks */ = {
			isa = PBXGroup;
			children = (
			);
			name = Frameworks;
			sourceTree = "<group>";
		};
/* End PBXGroup section */

/* Begin PBXNativeTarget section */
		AD926D642FA53D8E007FDF94 /* FromInk */ = {
			isa = PBXNativeTarget;
			buildConfigurationList = AD926D892FA53D90007FDF94 /* Build configuration list for PBXNativeTarget "FromInk" */;
			buildPhases = (
				AD926D612FA53D8E007FDF94 /* Sources */,
				AD926D622FA53D8E007FDF94 /* Frameworks */,
				AD926D632FA53D8E007FDF94 /* Resources */,
			);
			buildRules = (
			);
			dependencies = (
			);
			fileSystemSynchronizedGroups = (
				AD926D672FA53D8E007FDF94 /* FromInk */,
			);
			name = FromInk;
			packageProductDependencies = (
				AD926D952FA5414C007FDF94 /* ComposableArchitecture */,
			);
			productName = FromInk;
			productReference = AD926D652FA53D8E007FDF94 /* FromInk.app */;
			productType = "com.apple.product-type.application";
		};
		AD926D752FA53D90007FDF94 /* FromInkTests */ = {
			isa = PBXNativeTarget;
			buildConfigurationList = AD926D8E2FA53D90007FDF94 /* Build configuration list for PBXNativeTarget "FromInkTests" */;
			buildPhases = (
				AD926D722FA53D90007FDF94 /* Sources */,
				AD926D732FA53D90007FDF94 /* Frameworks */,
				AD926D742FA53D90007FDF94 /* Resources */,
			);
			buildRules = (
			);
			dependencies = (
				AD926D782FA53D90007FDF94 /* PBXTargetDependency */,
			);
			fileSystemSynchronizedGroups = (
				AD926D792FA53D90007FDF94 /* FromInkTests */,
			);
			name = FromInkTests;
			packageProductDependencies = (
			);
			productName = FromInkTests;
			productReference = AD926D762FA53D90007FDF94 /* FromInkTests.xctest */;
			productType = "com.apple.product-type.bundle.unit-test";
		};
		AD926D7F2FA53D90007FDF94 /* FromInkUITests */ = {
			isa = PBXNativeTarget;
			buildConfigurationList = AD926D912FA53D90007FDF94 /* Build configuration list for PBXNativeTarget "FromInkUITests" */;
			buildPhases = (
				AD926D7C2FA53D90007FDF94 /* Sources */,
				AD926D7D2FA53D90007FDF94 /* Frameworks */,
				AD926D7E2FA53D90007FDF94 /* Resources */,
			);
			buildRules = (
			);
			dependencies = (
				AD926D822FA53D90007FDF94 /* PBXTargetDependency */,
			);
			fileSystemSynchronizedGroups = (
				AD926D832FA53D90007FDF94 /* FromInkUITests */,
			);
			name = FromInkUITests;
			packageProductDependencies = (
			);
			productName = FromInkUITests;
			productReference = AD926D802FA53D90007FDF94 /* FromInkUITests.xctest */;
			productType = "com.apple.product-type.bundle.ui-testing";
		};
		AD9270442FAF8F6F007FDF94 /* FromInkSnapshotTests */ = {
			isa = PBXNativeTarget;
			buildConfigurationList = AD92704B2FAF8F6F007FDF94 /* Build configuration list for PBXNativeTarget "FromInkSnapshotTests" */;
			buildPhases = (
				AD9270412FAF8F6F007FDF94 /* Sources */,
				AD9270422FAF8F6F007FDF94 /* Frameworks */,
				AD9270432FAF8F6F007FDF94 /* Resources */,
			);
			buildRules = (
			);
			dependencies = (
				AD92704A2FAF8F6F007FDF94 /* PBXTargetDependency */,
			);
			fileSystemSynchronizedGroups = (
				AD9270462FAF8F6F007FDF94 /* FromInkSnapshotTests */,
			);
			name = FromInkSnapshotTests;
			packageProductDependencies = (
				AD92704F2FAF8F96007FDF94 /* SnapshotTesting */,
				AD9270512FAF8FA5007FDF94 /* InlineSnapshotTesting */,
			);
			productName = FromInkSnapshotTests;
			productReference = AD9270452FAF8F6F007FDF94 /* FromInkSnapshotTests.xctest */;
			productType = "com.apple.product-type.bundle.unit-test";
		};
/* End PBXNativeTarget section */

/* Begin PBXProject section */
		AD926D5D2FA53D8E007FDF94 /* Project object */ = {
			isa = PBXProject;
			attributes = {
				BuildIndependentTargetsInParallel = 1;
				LastSwiftUpdateCheck = 2610;
				LastUpgradeCheck = 2610;
				TargetAttributes = {
					AD926D642FA53D8E007FDF94 = {
						CreatedOnToolsVersion = 26.1;
					};
					AD926D752FA53D90007FDF94 = {
						CreatedOnToolsVersion = 26.1;
						TestTargetID = AD926D642FA53D8E007FDF94;
					};
					AD926D7F2FA53D90007FDF94 = {
						CreatedOnToolsVersion = 26.1;
						TestTargetID = AD926D642FA53D8E007FDF94;
					};
					AD9270442FAF8F6F007FDF94 = {
						CreatedOnToolsVersion = 26.1;
						TestTargetID = AD926D642FA53D8E007FDF94;
					};
				};
			};
			buildConfigurationList = AD926D602FA53D8E007FDF94 /* Build configuration list for PBXProject "FromInk" */;
			developmentRegion = en;
			hasScannedForEncodings = 0;
			knownRegions = (
				en,
				Base,
			);
			mainGroup = AD926D5C2FA53D8E007FDF94;
			minimizedProjectReferenceProxies = 1;
			packageReferences = (
				AD926D942FA5414C007FDF94 /* XCRemoteSwiftPackageReference "swift-composable-architecture" */,
				AD9270402FAF8EB5007FDF94 /* XCRemoteSwiftPackageReference "swift-snapshot-testing" */,
			);
			preferredProjectObjectVersion = 77;
			productRefGroup = AD926D662FA53D8E007FDF94 /* Products */;
			projectDirPath = "";
			projectRoot = "";
			targets = (
				AD926D642FA53D8E007FDF94 /* FromInk */,
				AD926D752FA53D90007FDF94 /* FromInkTests */,
				AD926D7F2FA53D90007FDF94 /* FromInkUITests */,
				AD9270442FAF8F6F007FDF94 /* FromInkSnapshotTests */,
			);
		};
/* End PBXProject section */

/* Begin PBXResourcesBuildPhase section */
		AD926D632FA53D8E007FDF94 /* Resources */ = {
			isa = PBXResourcesBuildPhase;
			buildActionMask = 2147483647;
			files = (
			);
			runOnlyForDeploymentPostprocessing = 0;
		};
		AD926D742FA53D90007FDF94 /* Resources */ = {
			isa = PBXResourcesBuildPhase;
			buildActionMask = 2147483647;
			files = (
			);
			runOnlyForDeploymentPostprocessing = 0;
		};
		AD926D7E2FA53D90007FDF94 /* Resources */ = {
			isa = PBXResourcesBuildPhase;
			buildActionMask = 2147483647;
			files = (
			);
			runOnlyForDeploymentPostprocessing = 0;
		};
		AD9270432FAF8F6F007FDF94 /* Resources */ = {
			isa = PBXResourcesBuildPhase;
			buildActionMask = 2147483647;
			files = (
			);
			runOnlyForDeploymentPostprocessing = 0;
		};
/* End PBXResourcesBuildPhase section */

/* Begin PBXSourcesBuildPhase section */
		AD926D612FA53D8E007FDF94 /* Sources */ = {
			isa = PBXSourcesBuildPhase;
			buildActionMask = 2147483647;
			files = (
			);
			runOnlyForDeploymentPostprocessing = 0;
		};
		AD926D722FA53D90007FDF94 /* Sources */ = {
			isa = PBXSourcesBuildPhase;
			buildActionMask = 2147483647;
			files = (
			);
			runOnlyForDeploymentPostprocessing = 0;
		};
		AD926D7C2FA53D90007FDF94 /* Sources */ = {
			isa = PBXSourcesBuildPhase;
			buildActionMask = 2147483647;
			files = (
			);
			runOnlyForDeploymentPostprocessing = 0;
		};
		AD9270412FAF8F6F007FDF94 /* Sources */ = {
			isa = PBXSourcesBuildPhase;
			buildActionMask = 2147483647;
			files = (
			);
			runOnlyForDeploymentPostprocessing = 0;
		};
/* End PBXSourcesBuildPhase section */

/* Begin PBXTargetDependency section */
		AD926D782FA53D90007FDF94 /* PBXTargetDependency */ = {
			isa = PBXTargetDependency;
			target = AD926D642FA53D8E007FDF94 /* FromInk */;
			targetProxy = AD926D772FA53D90007FDF94 /* PBXContainerItemProxy */;
		};
		AD926D822FA53D90007FDF94 /* PBXTargetDependency */ = {
			isa = PBXTargetDependency;
			target = AD926D642FA53D8E007FDF94 /* FromInk */;
			targetProxy = AD926D812FA53D90007FDF94 /* PBXContainerItemProxy */;
		};
		AD92704A2FAF8F6F007FDF94 /* PBXTargetDependency */ = {
			isa = PBXTargetDependency;
			target = AD926D642FA53D8E007FDF94 /* FromInk */;
			targetProxy = AD9270492FAF8F6F007FDF94 /* PBXContainerItemProxy */;
		};
/* End PBXTargetDependency section */

/* Begin XCBuildConfiguration section */
		AD926D8A2FA53D90007FDF94 /* Debug */ = {
			isa = XCBuildConfiguration;
			buildSettings = {
				ASSETCATALOG_COMPILER_APPICON_NAME = AppIcon;
				ASSETCATALOG_COMPILER_GLOBAL_ACCENT_COLOR_NAME = AccentColor;
				CODE_SIGN_STYLE = Automatic;
				CURRENT_PROJECT_VERSION = 1;
				DEVELOPMENT_TEAM = 7KW75W47CX;
				ENABLE_APP_SANDBOX = YES;
				ENABLE_HARDENED_RUNTIME = YES;
				ENABLE_PREVIEWS = YES;
				ENABLE_USER_SELECTED_FILES = readonly;
				GENERATE_INFOPLIST_FILE = YES;
				INFOPLIST_FILE = FromInk/Info.plist;
				"INFOPLIST_KEY_UIApplicationSceneManifest_Generation[sdk=iphoneos*]" = YES;
				"INFOPLIST_KEY_UIApplicationSceneManifest_Generation[sdk=iphonesimulator*]" = YES;
				"INFOPLIST_KEY_UIApplicationSupportsIndirectInputEvents[sdk=iphoneos*]" = YES;
				"INFOPLIST_KEY_UIApplicationSupportsIndirectInputEvents[sdk=iphonesimulator*]" = YES;
				"INFOPLIST_KEY_UILaunchScreen_Generation[sdk=iphoneos*]" = YES;
				"INFOPLIST_KEY_UILaunchScreen_Generation[sdk=iphonesimulator*]" = YES;
				"INFOPLIST_KEY_UIStatusBarStyle[sdk=iphoneos*]" = UIStatusBarStyleDefault;
				"INFOPLIST_KEY_UIStatusBarStyle[sdk=iphonesimulator*]" = UIStatusBarStyleDefault;
				INFOPLIST_KEY_UISupportedInterfaceOrientations_iPad = "UIInterfaceOrientationPortrait UIInterfaceOrientationPortraitUpsideDown UIInterfaceOrientationLandscapeLeft UIInterfaceOrientationLandscapeRight";
				INFOPLIST_KEY_UISupportedInterfaceOrientations_iPhone = "UIInterfaceOrientationPortrait UIInterfaceOrientationLandscapeLeft UIInterfaceOrientationLandscapeRight";
				IPHONEOS_DEPLOYMENT_TARGET = 26.1;
				LD_RUNPATH_SEARCH_PATHS = "@executable_path/Frameworks";
				"LD_RUNPATH_SEARCH_PATHS[sdk=macosx*]" = "@executable_path/../Frameworks";
				MACOSX_DEPLOYMENT_TARGET = 26.1;
				MARKETING_VERSION = 1.0;
				PRODUCT_BUNDLE_IDENTIFIER = com.fromink.app.FromInk;
				PRODUCT_NAME = "$(TARGET_NAME)";
				REGISTER_APP_GROUPS = YES;
				SDKROOT = auto;
				STRING_CATALOG_GENERATE_SYMBOLS = YES;
				SUPPORTED_PLATFORMS = "iphoneos iphonesimulator macosx xros xrsimulator";
				SWIFT_APPROACHABLE_CONCURRENCY = YES;
				SWIFT_DEFAULT_ACTOR_ISOLATION = MainActor;
				SWIFT_EMIT_LOC_STRINGS = YES;
				SWIFT_UPCOMING_FEATURE_MEMBER_IMPORT_VISIBILITY = YES;
				SWIFT_VERSION = 5.0;
				TARGETED_DEVICE_FAMILY = "1,2,7";
				XROS_DEPLOYMENT_TARGET = 26.1;
			};
			name = Debug;
		};
		AD926D8B2FA53D90007FDF94 /* Release */ = {
			isa = XCBuildConfiguration;
			buildSettings = {
				ASSETCATALOG_COMPILER_APPICON_NAME = AppIcon;
				ASSETCATALOG_COMPILER_GLOBAL_ACCENT_COLOR_NAME = AccentColor;
				CODE_SIGN_STYLE = Automatic;
				CURRENT_PROJECT_VERSION = 1;
				DEVELOPMENT_TEAM = 7KW75W47CX;
				ENABLE_APP_SANDBOX = YES;
				ENABLE_HARDENED_RUNTIME = YES;
				ENABLE_PREVIEWS = YES;
				ENABLE_USER_SELECTED_FILES = readonly;
				GENERATE_INFOPLIST_FILE = YES;
				INFOPLIST_FILE = FromInk/Info.plist;
				"INFOPLIST_KEY_UIApplicationSceneManifest_Generation[sdk=iphoneos*]" = YES;
				"INFOPLIST_KEY_UIApplicationSceneManifest_Generation[sdk=iphonesimulator*]" = YES;
				"INFOPLIST_KEY_UIApplicationSupportsIndirectInputEvents[sdk=iphoneos*]" = YES;
				"INFOPLIST_KEY_UIApplicationSupportsIndirectInputEvents[sdk=iphonesimulator*]" = YES;
				"INFOPLIST_KEY_UILaunchScreen_Generation[sdk=iphoneos*]" = YES;
				"INFOPLIST_KEY_UILaunchScreen_Generation[sdk=iphonesimulator*]" = YES;
				"INFOPLIST_KEY_UIStatusBarStyle[sdk=iphoneos*]" = UIStatusBarStyleDefault;
				"INFOPLIST_KEY_UIStatusBarStyle[sdk=iphonesimulator*]" = UIStatusBarStyleDefault;
				INFOPLIST_KEY_UISupportedInterfaceOrientations_iPad = "UIInterfaceOrientationPortrait UIInterfaceOrientationPortraitUpsideDown UIInterfaceOrientationLandscapeLeft UIInterfaceOrientationLandscapeRight";
				INFOPLIST_KEY_UISupportedInterfaceOrientations_iPhone = "UIInterfaceOrientationPortrait UIInterfaceOrientationLandscapeLeft UIInterfaceOrientationLandscapeRight";
				IPHONEOS_DEPLOYMENT_TARGET = 26.1;
				LD_RUNPATH_SEARCH_PATHS = "@executable_path/Frameworks";
				"LD_RUNPATH_SEARCH_PATHS[sdk=macosx*]" = "@executable_path/../Frameworks";
				MACOSX_DEPLOYMENT_TARGET = 26.1;
				MARKETING_VERSION = 1.0;
				PRODUCT_BUNDLE_IDENTIFIER = com.fromink.app.FromInk;
				PRODUCT_NAME = "$(TARGET_NAME)";
				REGISTER_APP_GROUPS = YES;
				SDKROOT = auto;
				STRING_CATALOG_GENERATE_SYMBOLS = YES;
				SUPPORTED_PLATFORMS = "iphoneos iphonesimulator macosx xros xrsimulator";
				SWIFT_APPROACHABLE_CONCURRENCY = YES;
				SWIFT_DEFAULT_ACTOR_ISOLATION = MainActor;
				SWIFT_EMIT_LOC_STRINGS = YES;
				SWIFT_UPCOMING_FEATURE_MEMBER_IMPORT_VISIBILITY = YES;
				SWIFT_VERSION = 5.0;
				TARGETED_DEVICE_FAMILY = "1,2,7";
				XROS_DEPLOYMENT_TARGET = 26.1;
			};
			name = Release;
		};
		AD926D8C2FA53D90007FDF94 /* Debug */ = {
			isa = XCBuildConfiguration;
			buildSettings = {
				ALWAYS_SEARCH_USER_PATHS = NO;
				ASSETCATALOG_COMPILER_GENERATE_SWIFT_ASSET_SYMBOL_EXTENSIONS = YES;
				CLANG_ANALYZER_NONNULL = YES;
				CLANG_ANALYZER_NUMBER_OBJECT_CONVERSION = YES_AGGRESSIVE;
				CLANG_CXX_LANGUAGE_STANDARD = "gnu++20";
				CLANG_ENABLE_MODULES = YES;
				CLANG_ENABLE_OBJC_ARC = YES;
				CLANG_ENABLE_OBJC_WEAK = YES;
				CLANG_WARN_BLOCK_CAPTURE_AUTORELEASING = YES;
				CLANG_WARN_BOOL_CONVERSION = YES;
				CLANG_WARN_COMMA = YES;
				CLANG_WARN_CONSTANT_CONVERSION = YES;
				CLANG_WARN_DEPRECATED_OBJC_IMPLEMENTATIONS = YES;
				CLANG_WARN_DIRECT_OBJC_ISA_USAGE = YES_ERROR;
				CLANG_WARN_DOCUMENTATION_COMMENTS = YES;
				CLANG_WARN_EMPTY_BODY = YES;
				CLANG_WARN_ENUM_CONVERSION = YES;
				CLANG_WARN_INFINITE_RECURSION = YES;
				CLANG_WARN_INT_CONVERSION = YES;
				CLANG_WARN_NON_LITERAL_NULL_CONVERSION = YES;
				CLANG_WARN_OBJC_IMPLICIT_RETAIN_SELF = YES;
				CLANG_WARN_OBJC_LITERAL_CONVERSION = YES;
				CLANG_WARN_OBJC_ROOT_CLASS = YES_ERROR;
				CLANG_WARN_QUOTED_INCLUDE_IN_FRAMEWORK_HEADER = YES;
				CLANG_WARN_RANGE_LOOP_ANALYSIS = YES;
				CLANG_WARN_STRICT_PROTOTYPES = YES;
				CLANG_WARN_SUSPICIOUS_MOVE = YES;
				CLANG_WARN_UNGUARDED_AVAILABILITY = YES_AGGRESSIVE;
				CLANG_WARN_UNREACHABLE_CODE = YES;
				CLANG_WARN__DUPLICATE_METHOD_MATCH = YES;
				COPY_PHASE_STRIP = NO;
				DEBUG_INFORMATION_FORMAT = dwarf;
				DEVELOPMENT_TEAM = 7KW75W47CX;
				ENABLE_STRICT_OBJC_MSGSEND = YES;
				ENABLE_TESTABILITY = YES;
				ENABLE_USER_SCRIPT_SANDBOXING = YES;
				GCC_C_LANGUAGE_STANDARD = gnu17;
				GCC_DYNAMIC_NO_PIC = NO;
				GCC_NO_COMMON_BLOCKS = YES;
				GCC_OPTIMIZATION_LEVEL = 0;
				GCC_PREPROCESSOR_DEFINITIONS = (
					"DEBUG=1",
					"$(inherited)",
				);
				GCC_WARN_64_TO_32_BIT_CONVERSION = YES;
				GCC_WARN_ABOUT_RETURN_TYPE = YES_ERROR;
				GCC_WARN_UNDECLARED_SELECTOR = YES;
				GCC_WARN_UNINITIALIZED_AUTOS = YES_AGGRESSIVE;
				GCC_WARN_UNUSED_FUNCTION = YES;
				GCC_WARN_UNUSED_VARIABLE = YES;
				LOCALIZATION_PREFERS_STRING_CATALOGS = YES;
				MTL_ENABLE_DEBUG_INFO = INCLUDE_SOURCE;
				MTL_FAST_MATH = YES;
				ONLY_ACTIVE_ARCH = YES;
				SWIFT_ACTIVE_COMPILATION_CONDITIONS = "DEBUG $(inherited)";
				SWIFT_OPTIMIZATION_LEVEL = "-Onone";
			};
			name = Debug;
		};
		AD926D8D2FA53D90007FDF94 /* Release */ = {
			isa = XCBuildConfiguration;
			buildSettings = {
				ALWAYS_SEARCH_USER_PATHS = NO;
				ASSETCATALOG_COMPILER_GENERATE_SWIFT_ASSET_SYMBOL_EXTENSIONS = YES;
				CLANG_ANALYZER_NONNULL = YES;
				CLANG_ANALYZER_NUMBER_OBJECT_CONVERSION = YES_AGGRESSIVE;
				CLANG_CXX_LANGUAGE_STANDARD = "gnu++20";
				CLANG_ENABLE_MODULES = YES;
				CLANG_ENABLE_OBJC_ARC = YES;
				CLANG_ENABLE_OBJC_WEAK = YES;
				CLANG_WARN_BLOCK_CAPTURE_AUTORELEASING = YES;
				CLANG_WARN_BOOL_CONVERSION = YES;
				CLANG_WARN_COMMA = YES;
				CLANG_WARN_CONSTANT_CONVERSION = YES;
				CLANG_WARN_DEPRECATED_OBJC_IMPLEMENTATIONS = YES;
				CLANG_WARN_DIRECT_OBJC_ISA_USAGE = YES_ERROR;
				CLANG_WARN_DOCUMENTATION_COMMENTS = YES;
				CLANG_WARN_EMPTY_BODY = YES;
				CLANG_WARN_ENUM_CONVERSION = YES;
				CLANG_WARN_INFINITE_RECURSION = YES;
				CLANG_WARN_INT_CONVERSION = YES;
				CLANG_WARN_NON_LITERAL_NULL_CONVERSION = YES;
				CLANG_WARN_OBJC_IMPLICIT_RETAIN_SELF = YES;
				CLANG_WARN_OBJC_LITERAL_CONVERSION = YES;
				CLANG_WARN_OBJC_ROOT_CLASS = YES_ERROR;
				CLANG_WARN_QUOTED_INCLUDE_IN_FRAMEWORK_HEADER = YES;
				CLANG_WARN_RANGE_LOOP_ANALYSIS = YES;
				CLANG_WARN_STRICT_PROTOTYPES = YES;
				CLANG_WARN_SUSPICIOUS_MOVE = YES;
				CLANG_WARN_UNGUARDED_AVAILABILITY = YES_AGGRESSIVE;
				CLANG_WARN_UNREACHABLE_CODE = YES;
				CLANG_WARN__DUPLICATE_METHOD_MATCH = YES;
				COPY_PHASE_STRIP = NO;
				DEBUG_INFORMATION_FORMAT = "dwarf-with-dsym";
				DEVELOPMENT_TEAM = 7KW75W47CX;
				ENABLE_NS_ASSERTIONS = NO;
				ENABLE_STRICT_OBJC_MSGSEND = YES;
				ENABLE_USER_SCRIPT_SANDBOXING = YES;
				GCC_C_LANGUAGE_STANDARD = gnu17;
				GCC_NO_COMMON_BLOCKS = YES;
				GCC_WARN_64_TO_32_BIT_CONVERSION = YES;
				GCC_WARN_ABOUT_RETURN_TYPE = YES_ERROR;
				GCC_WARN_UNDECLARED_SELECTOR = YES;
				GCC_WARN_UNINITIALIZED_AUTOS = YES_AGGRESSIVE;
				GCC_WARN_UNUSED_FUNCTION = YES;
				GCC_WARN_UNUSED_VARIABLE = YES;
				LOCALIZATION_PREFERS_STRING_CATALOGS = YES;
				MTL_ENABLE_DEBUG_INFO = NO;
				MTL_FAST_MATH = YES;
				SWIFT_COMPILATION_MODE = wholemodule;
			};
			name = Release;
		};
		AD926D8F2FA53D90007FDF94 /* Debug */ = {
			isa = XCBuildConfiguration;
			buildSettings = {
				BUNDLE_LOADER = "$(TEST_HOST)";
				CODE_SIGN_STYLE = Automatic;
				CURRENT_PROJECT_VERSION = 1;
				DEVELOPMENT_TEAM = 7KW75W47CX;
				GENERATE_INFOPLIST_FILE = YES;
				IPHONEOS_DEPLOYMENT_TARGET = 26.1;
				MACOSX_DEPLOYMENT_TARGET = 26.1;
				MARKETING_VERSION = 1.0;
				PRODUCT_BUNDLE_IDENTIFIER = com.fromink.app.FromInkTests;
				PRODUCT_NAME = "$(TARGET_NAME)";
				SDKROOT = auto;
				STRING_CATALOG_GENERATE_SYMBOLS = NO;
				SUPPORTED_PLATFORMS = "iphoneos iphonesimulator macosx xros xrsimulator";
				SWIFT_APPROACHABLE_CONCURRENCY = YES;
				SWIFT_EMIT_LOC_STRINGS = NO;
				SWIFT_UPCOMING_FEATURE_MEMBER_IMPORT_VISIBILITY = YES;
				SWIFT_VERSION = 5.0;
				TARGETED_DEVICE_FAMILY = "1,2,7";
				TEST_HOST = "$(BUILT_PRODUCTS_DIR)/FromInk.app/$(BUNDLE_EXECUTABLE_FOLDER_PATH)/FromInk";
				XROS_DEPLOYMENT_TARGET = 26.1;
			};
			name = Debug;
		};
		AD926D902FA53D90007FDF94 /* Release */ = {
			isa = XCBuildConfiguration;
			buildSettings = {
				BUNDLE_LOADER = "$(TEST_HOST)";
				CODE_SIGN_STYLE = Automatic;
				CURRENT_PROJECT_VERSION = 1;
				DEVELOPMENT_TEAM = 7KW75W47CX;
				GENERATE_INFOPLIST_FILE = YES;
				IPHONEOS_DEPLOYMENT_TARGET = 26.1;
				MACOSX_DEPLOYMENT_TARGET = 26.1;
				MARKETING_VERSION = 1.0;
				PRODUCT_BUNDLE_IDENTIFIER = com.fromink.app.FromInkTests;
				PRODUCT_NAME = "$(TARGET_NAME)";
				SDKROOT = auto;
				STRING_CATALOG_GENERATE_SYMBOLS = NO;
				SUPPORTED_PLATFORMS = "iphoneos iphonesimulator macosx xros xrsimulator";
				SWIFT_APPROACHABLE_CONCURRENCY = YES;
				SWIFT_EMIT_LOC_STRINGS = NO;
				SWIFT_UPCOMING_FEATURE_MEMBER_IMPORT_VISIBILITY = YES;
				SWIFT_VERSION = 5.0;
				TARGETED_DEVICE_FAMILY = "1,2,7";
				TEST_HOST = "$(BUILT_PRODUCTS_DIR)/FromInk.app/$(BUNDLE_EXECUTABLE_FOLDER_PATH)/FromInk";
				XROS_DEPLOYMENT_TARGET = 26.1;
			};
			name = Release;
		};
		AD926D922FA53D90007FDF94 /* Debug */ = {
			isa = XCBuildConfiguration;
			buildSettings = {
				CODE_SIGN_STYLE = Automatic;
				CURRENT_PROJECT_VERSION = 1;
				DEVELOPMENT_TEAM = 7KW75W47CX;
				GENERATE_INFOPLIST_FILE = YES;
				IPHONEOS_DEPLOYMENT_TARGET = 26.1;
				MACOSX_DEPLOYMENT_TARGET = 26.1;
				MARKETING_VERSION = 1.0;
				PRODUCT_BUNDLE_IDENTIFIER = com.fromink.app.FromInkUITests;
				PRODUCT_NAME = "$(TARGET_NAME)";
				SDKROOT = auto;
				STRING_CATALOG_GENERATE_SYMBOLS = NO;
				SUPPORTED_PLATFORMS = "iphoneos iphonesimulator macosx xros xrsimulator";
				SWIFT_APPROACHABLE_CONCURRENCY = YES;
				SWIFT_EMIT_LOC_STRINGS = NO;
				SWIFT_UPCOMING_FEATURE_MEMBER_IMPORT_VISIBILITY = YES;
				SWIFT_VERSION = 5.0;
				TARGETED_DEVICE_FAMILY = "1,2,7";
				TEST_TARGET_NAME = FromInk;
				XROS_DEPLOYMENT_TARGET = 26.1;
			};
			name = Debug;
		};
		AD926D932FA53D90007FDF94 /* Release */ = {
			isa = XCBuildConfiguration;
			buildSettings = {
				CODE_SIGN_STYLE = Automatic;
				CURRENT_PROJECT_VERSION = 1;
				DEVELOPMENT_TEAM = 7KW75W47CX;
				GENERATE_INFOPLIST_FILE = YES;
				IPHONEOS_DEPLOYMENT_TARGET = 26.1;
				MACOSX_DEPLOYMENT_TARGET = 26.1;
				MARKETING_VERSION = 1.0;
				PRODUCT_BUNDLE_IDENTIFIER = com.fromink.app.FromInkUITests;
				PRODUCT_NAME = "$(TARGET_NAME)";
				SDKROOT = auto;
				STRING_CATALOG_GENERATE_SYMBOLS = NO;
				SUPPORTED_PLATFORMS = "iphoneos iphonesimulator macosx xros xrsimulator";
				SWIFT_APPROACHABLE_CONCURRENCY = YES;
				SWIFT_EMIT_LOC_STRINGS = NO;
				SWIFT_UPCOMING_FEATURE_MEMBER_IMPORT_VISIBILITY = YES;
				SWIFT_VERSION = 5.0;
				TARGETED_DEVICE_FAMILY = "1,2,7";
				TEST_TARGET_NAME = FromInk;
				XROS_DEPLOYMENT_TARGET = 26.1;
			};
			name = Release;
		};
		AD92704C2FAF8F6F007FDF94 /* Debug */ = {
			isa = XCBuildConfiguration;
			buildSettings = {
				BUNDLE_LOADER = "$(TEST_HOST)";
				CODE_SIGN_STYLE = Automatic;
				CURRENT_PROJECT_VERSION = 1;
				DEVELOPMENT_TEAM = 7KW75W47CX;
				GENERATE_INFOPLIST_FILE = YES;
				IPHONEOS_DEPLOYMENT_TARGET = 26.1;
				MACOSX_DEPLOYMENT_TARGET = 26.1;
				MARKETING_VERSION = 1.0;
				PRODUCT_BUNDLE_IDENTIFIER = com.fromink.app.FromInkSnapshotTests;
				PRODUCT_NAME = "$(TARGET_NAME)";
				SDKROOT = auto;
				STRING_CATALOG_GENERATE_SYMBOLS = NO;
				SUPPORTED_PLATFORMS = "iphoneos iphonesimulator macosx xros xrsimulator";
				SWIFT_APPROACHABLE_CONCURRENCY = YES;
				SWIFT_EMIT_LOC_STRINGS = NO;
				SWIFT_UPCOMING_FEATURE_MEMBER_IMPORT_VISIBILITY = YES;
				SWIFT_VERSION = 5.0;
				TARGETED_DEVICE_FAMILY = "1,2,7";
				TEST_HOST = "$(BUILT_PRODUCTS_DIR)/FromInk.app/$(BUNDLE_EXECUTABLE_FOLDER_PATH)/FromInk";
				XROS_DEPLOYMENT_TARGET = 26.1;
			};
			name = Debug;
		};
		AD92704D2FAF8F6F007FDF94 /* Release */ = {
			isa = XCBuildConfiguration;
			buildSettings = {
				BUNDLE_LOADER = "$(TEST_HOST)";
				CODE_SIGN_STYLE = Automatic;
				CURRENT_PROJECT_VERSION = 1;
				DEVELOPMENT_TEAM = 7KW75W47CX;
				GENERATE_INFOPLIST_FILE = YES;
				IPHONEOS_DEPLOYMENT_TARGET = 26.1;
				MACOSX_DEPLOYMENT_TARGET = 26.1;
				MARKETING_VERSION = 1.0;
				PRODUCT_BUNDLE_IDENTIFIER = com.fromink.app.FromInkSnapshotTests;
				PRODUCT_NAME = "$(TARGET_NAME)";
				SDKROOT = auto;
				STRING_CATALOG_GENERATE_SYMBOLS = NO;
				SUPPORTED_PLATFORMS = "iphoneos iphonesimulator macosx xros xrsimulator";
				SWIFT_APPROACHABLE_CONCURRENCY = YES;
				SWIFT_EMIT_LOC_STRINGS = NO;
				SWIFT_UPCOMING_FEATURE_MEMBER_IMPORT_VISIBILITY = YES;
				SWIFT_VERSION = 5.0;
				TARGETED_DEVICE_FAMILY = "1,2,7";
				TEST_HOST = "$(BUILT_PRODUCTS_DIR)/FromInk.app/$(BUNDLE_EXECUTABLE_FOLDER_PATH)/FromInk";
				XROS_DEPLOYMENT_TARGET = 26.1;
			};
			name = Release;
		};
/* End XCBuildConfiguration section */

/* Begin XCConfigurationList section */
		AD926D602FA53D8E007FDF94 /* Build configuration list for PBXProject "FromInk" */ = {
			isa = XCConfigurationList;
			buildConfigurations = (
				AD926D8C2FA53D90007FDF94 /* Debug */,
				AD926D8D2FA53D90007FDF94 /* Release */,
			);
			defaultConfigurationIsVisible = 0;
			defaultConfigurationName = Release;
		};
		AD926D892FA53D90007FDF94 /* Build configuration list for PBXNativeTarget "FromInk" */ = {
			isa = XCConfigurationList;
			buildConfigurations = (
				AD926D8A2FA53D90007FDF94 /* Debug */,
				AD926D8B2FA53D90007FDF94 /* Release */,
			);
			defaultConfigurationIsVisible = 0;
			defaultConfigurationName = Release;
		};
		AD926D8E2FA53D90007FDF94 /* Build configuration list for PBXNativeTarget "FromInkTests" */ = {
			isa = XCConfigurationList;
			buildConfigurations = (
				AD926D8F2FA53D90007FDF94 /* Debug */,
				AD926D902FA53D90007FDF94 /* Release */,
			);
			defaultConfigurationIsVisible = 0;
			defaultConfigurationName = Release;
		};
		AD926D912FA53D90007FDF94 /* Build configuration list for PBXNativeTarget "FromInkUITests" */ = {
			isa = XCConfigurationList;
			buildConfigurations = (
				AD926D922FA53D90007FDF94 /* Debug */,
				AD926D932FA53D90007FDF94 /* Release */,
			);
			defaultConfigurationIsVisible = 0;
			defaultConfigurationName = Release;
		};
		AD92704B2FAF8F6F007FDF94 /* Build configuration list for PBXNativeTarget "FromInkSnapshotTests" */ = {
			isa = XCConfigurationList;
			buildConfigurations = (
				AD92704C2FAF8F6F007FDF94 /* Debug */,
				AD92704D2FAF8F6F007FDF94 /* Release */,
			);
			defaultConfigurationIsVisible = 0;
			defaultConfigurationName = Release;
		};
/* End XCConfigurationList section */

/* Begin XCRemoteSwiftPackageReference section */
		AD926D942FA5414C007FDF94 /* XCRemoteSwiftPackageReference "swift-composable-architecture" */ = {
			isa = XCRemoteSwiftPackageReference;
			repositoryURL = "https://github.com/pointfreeco/swift-composable-architecture";
			requirement = {
				kind = upToNextMajorVersion;
				minimumVersion = 1.25.5;
			};
		};
		AD9270402FAF8EB5007FDF94 /* XCRemoteSwiftPackageReference "swift-snapshot-testing" */ = {
			isa = XCRemoteSwiftPackageReference;
			repositoryURL = "https://github.com/pointfreeco/swift-snapshot-testing";
			requirement = {
				kind = upToNextMajorVersion;
				minimumVersion = 1.19.2;
			};
		};
/* End XCRemoteSwiftPackageReference section */

/* Begin XCSwiftPackageProductDependency section */
		AD926D952FA5414C007FDF94 /* ComposableArchitecture */ = {
			isa = XCSwiftPackageProductDependency;
			package = AD926D942FA5414C007FDF94 /* XCRemoteSwiftPackageReference "swift-composable-architecture" */;
			productName = ComposableArchitecture;
		};
		AD92704F2FAF8F96007FDF94 /* SnapshotTesting */ = {
			isa = XCSwiftPackageProductDependency;
			package = AD9270402FAF8EB5007FDF94 /* XCRemoteSwiftPackageReference "swift-snapshot-testing" */;
			productName = SnapshotTesting;
		};
		AD9270512FAF8FA5007FDF94 /* InlineSnapshotTesting */ = {
			isa = XCSwiftPackageProductDependency;
			package = AD9270402FAF8EB5007FDF94 /* XCRemoteSwiftPackageReference "swift-snapshot-testing" */;
			productName = InlineSnapshotTesting;
		};
/* End XCSwiftPackageProductDependency section */
	};
	rootObject = AD926D5D2FA53D8E007FDF94 /* Project object */;
}
